
Microsoft Visual Studio Solution File, Format Version 12.00
# Visual Studio Version 17
VisualStudioVersion = 17.5.33530.505
MinimumVisualStudioVersion = 10.0.40219.1
Project("{FAE04EC0-301F-11D3-BF4B-00C04F79EFBC}") = "DesktopContactsApp", "DesktopContactsApp.csproj", "{B3017518-7E83-49DB-B1AA-5CBD9E0A082E}"
EndProject
Global
	GlobalSection(SolutionConfigurationPlatforms) = preSolution
		Debug|Any CPU = Debug|Any CPU
		Release|Any CPU = Release|Any CPU
	EndGlobalSection
	GlobalSection(ProjectConfigurationPlatforms) = postSolution
		{B3017518-7E83-49DB-B1AA-5CBD9E0A082E}.Debug|Any CPU.ActiveCfg = Debug|Any CPU
		{B3017518-7E83-49DB-B1AA-5CBD9E0A082E}.Debug|Any CPU.Build.0 = Debug|Any CPU
		{B3017518-7E83-49DB-B1AA-5CBD9E0A082E}.Release|Any CPU.ActiveCfg = Release|Any CPU
		{B3017518-7E83-49DB-B1AA-5CBD9E0A082E}.Release|Any CPU.Build.0 = Release|Any CPU
	EndGlobalSection
	GlobalSection(SolutionProperties) = preSolution
		HideSolutionNode = FALSE
	EndGlobalSection
	GlobalSection(ExtensibilityGlobals) = postSolution
		SolutionGuid = {C99A6622-912F-41C0-B449-0A4BF6CD9AF4}
	EndGlobalSection
EndGlobal
